
Microsoft Visual Studio Solution File, Format Version 12.00
# Visual Studio Version 16
VisualStudioVersion = 16.0.29613.14
MinimumVisualStudioVersion = 10.0.40219.1
Project("{FAE04EC0-301F-11D3-BF4B-00C04F79EFBC}") = "Pc Man Game MOO ICT", "Pc Man Game MOO ICT\Pc Man Game MOO ICT.csproj", "{7B415B06-15CF-4F87-87E1-347DE16C53C2}"
EndProject
Global
	GlobalSection(SolutionConfigurationPlatforms) = preSolution
		Debug|Any CPU = Debug|Any CPU
		Release|Any CPU = Release|Any CPU
	EndGlobalSection
	GlobalSection(ProjectConfigurationPlatforms) = postSolution
		{7B415B06-15CF-4F87-87E1-347DE16C53C2}.Debug|Any CPU.ActiveCfg = Debug|Any CPU
		{7B415B06-15CF-4F87-87E1-347DE16C53C2}.Debug|Any CPU.Build.0 = Debug|Any CPU
		{7B415B06-15CF-4F87-87E1-347DE16C53C2}.Release|Any CPU.ActiveCfg = Release|Any CPU
		{7B415B06-15CF-4F87-87E1-347DE16C53C2}.Release|Any CPU.Build.0 = Release|Any CPU
	EndGlobalSection
	GlobalSection(SolutionProperties) = preSolution
		HideSolutionNode = FALSE
	EndGlobalSection
	GlobalSection(ExtensibilityGlobals) = postSolution
		SolutionGuid = {C7C973E8-7525-42FC-BA72-D33B4CF2CCF9}
	EndGlobalSection
EndGlobal
